
Microsoft Visual Studio Solution File, Format Version 12.00
# Visual Studio Version 17
VisualStudioVersion = 17.14.36414.22 d17.14
MinimumVisualStudioVersion = 10.0.40219.1
Project("{FAE04EC0-301F-11D3-BF4B-00C04F79EFBC}") = "GD13_1333_Lab1_Chris_Chuang", "GD13_1333_Lab1_Chris_Chuang.csproj", "{D749094A-27C3-47C1-8F7F-CFE8CB599068}"
EndProject
Global
	GlobalSection(SolutionConfigurationPlatforms) = preSolution
		Debug|Any CPU = Debug|Any CPU
		Release|Any CPU = Release|Any CPU
	EndGlobalSection
	GlobalSection(ProjectConfigurationPlatforms) = postSolution
		{D749094A-27C3-47C1-8F7F-CFE8CB599068}.Debug|Any CPU.ActiveCfg = Debug|Any CPU
		{D749094A-27C3-47C1-8F7F-CFE8CB599068}.Debug|Any CPU.Build.0 = Debug|Any CPU
		{D749094A-27C3-47C1-8F7F-CFE8CB599068}.Release|Any CPU.ActiveCfg = Release|Any CPU
		{D749094A-27C3-47C1-8F7F-CFE8CB599068}.Release|Any CPU.Build.0 = Release|Any CPU
	EndGlobalSection
	GlobalSection(SolutionProperties) = preSolution
		HideSolutionNode = FALSE
	EndGlobalSection
	GlobalSection(ExtensibilityGlobals) = postSolution
		SolutionGuid = {760517BE-38F2-4ED5-A5A4-867AC828F2BC}
	EndGlobalSection
EndGlobal
